# THIS IS AN AUTOGENERATED FILE. DO NOT EDIT THIS FILE DIRECTLY.
# yarn lockfile v1


"@amap/amap-jsapi-loader@^1.0.1":
  version "1.0.1"
  resolved "https://registry.npmjs.org/@amap/amap-jsapi-loader/-/amap-jsapi-loader-1.0.1.tgz"
  integrity sha512-nPyLKt7Ow/ThHLkSvn2etQlUzqxmTVgK7bIgwdBRTg2HK5668oN7xVxkaiRe3YZEzGzfV2XgH5Jmu2T73ljejw==

"@antfu/utils@^0.7.6", "@antfu/utils@^0.7.7":
  version "0.7.7"
  resolved "https://registry.npmmirror.com/@antfu/utils/-/utils-0.7.7.tgz"
  integrity sha512-gFPqTG7otEJ8uP6wrhDv6mqwGWYZKNvAcCq6u9hOj0c+IKCEsY4L1oC9trPq2SaWIzAfHvqfBDxF591JkMf+kg==

"@babel/parser@^7.15.8", "@babel/parser@^7.24.1":
  version "7.24.4"
  resolved "https://registry.npmmirror.com/@babel/parser/-/parser-7.24.4.tgz"
  integrity sha512-zTvEBcghmeBma9QIGunWevvBAp4/Qu9Bdq+2k0Ot4fVMD6v3dsC9WOcRSKk7tRRyBM/53yKMJko9xOatGQAwSg==

"@babel/runtime@^7.12.0":
  version "7.24.4"
  resolved "https://registry.npmmirror.com/@babel/runtime/-/runtime-7.24.4.tgz"
  integrity sha512-dkxf7+hn8mFBwKjs9bvBlArzLVxVbS8usaPUDd5p2a9JCL9tB8OaOVN1isD4+Xyk4ns89/xeOmbQvgdK7IIVdA==
  dependencies:
    regenerator-runtime "^0.14.0"

"@ctrl/tinycolor@^3.4.1":
  version "3.6.1"
  resolved "https://registry.npmmirror.com/@ctrl/tinycolor/-/tinycolor-3.6.1.tgz"
  integrity sha512-SITSV6aIXsuVNV3f3O0f2n/cgyEDWoSqtZMYiAmcsYHydcKrOz3gUxB/iXd/Qf08+IZX4KpgNbvUdMBmWz+kcA==

"@element-plus/icons-vue@^2.3.1":
  version "2.3.1"
  resolved "https://registry.npmmirror.com/@element-plus/icons-vue/-/icons-vue-2.3.1.tgz"
  integrity sha512-XxVUZv48RZAd87ucGS48jPf6pKu0yV5UCg9f4FFwtrYxXOwWuVJo6wOvSLKEoMQKjv8GsX/mhP6UsC1lRwbUWg==

"@esbuild/win32-x64@0.20.2":
  version "0.20.2"
  resolved "https://registry.npmmirror.com/@esbuild/win32-x64/-/win32-x64-0.20.2.tgz"
  integrity sha512-N49X4lJX27+l9jbLKSqZ6bKNjzQvHaT8IIFUy+YIqmXQdjYCToGWwOItDrfby14c78aDd5NHQl29xingXfCdLQ==

"@floating-ui/core@^1.0.0":
  version "1.6.0"
  resolved "https://registry.npmmirror.com/@floating-ui/core/-/core-1.6.0.tgz"
  integrity sha512-PcF++MykgmTj3CIyOQbKA/hDzOAiqI3mhuoN44WRCopIs1sgoDoU4oty4Jtqaj/y3oDU6fnVSm4QG0a3t5i0+g==
  dependencies:
    "@floating-ui/utils" "^0.2.1"

"@floating-ui/dom@^1.0.1":
  version "1.6.3"
  resolved "https://registry.npmmirror.com/@floating-ui/dom/-/dom-1.6.3.tgz"
  integrity sha512-RnDthu3mzPlQ31Ss/BTwQ1zjzIhr3lk1gZB1OC56h/1vEtaXkESrOqL5fQVMfXpwGtRwX+YsZBdyHtJMQnkArw==
  dependencies:
    "@floating-ui/core" "^1.0.0"
    "@floating-ui/utils" "^0.2.0"

"@floating-ui/utils@^0.2.0", "@floating-ui/utils@^0.2.1":
  version "0.2.1"
  resolved "https://registry.npmmirror.com/@floating-ui/utils/-/utils-0.2.1.tgz"
  integrity sha512-9TANp6GPoMtYzQdt54kfAyMmz1+osLlXdg2ENroU7zzrtflTLrrC/lgrIfaSe+Wu0b89GKccT7vxXA0MoAIO+Q==

"@jridgewell/sourcemap-codec@^1.4.15":
  version "1.4.15"
  resolved "https://registry.npmmirror.com/@jridgewell/sourcemap-codec/-/sourcemap-codec-1.4.15.tgz"
  integrity sha512-eF2rxCRulEKXHTRiDrDy6erMYWqNw4LPdQ8UQA4huuxaQsVeRPFl2oM8oDGxMFhJUWZf9McpLtJasDDZb/Bpeg==

"@math.gl/core@3.6.3":
  version "3.6.3"
  resolved "https://registry.npmmirror.com/@math.gl/core/-/core-3.6.3.tgz"
  integrity sha512-jBABmDkj5uuuE0dTDmwwss7Cup5ZwQ6Qb7h1pgvtkEutTrhkcv8SuItQNXmF45494yIHeoGue08NlyeY6wxq2A==
  dependencies:
    "@babel/runtime" "^7.12.0"
    "@math.gl/types" "3.6.3"
    gl-matrix "^3.4.0"

"@math.gl/types@3.6.3":
  version "3.6.3"
  resolved "https://registry.npmmirror.com/@math.gl/types/-/types-3.6.3.tgz"
  integrity sha512-3uWLVXHY3jQxsXCr/UCNPSc2BG0hNUljhmOBt9l+lNFDp7zHgm0cK2Tw4kj2XfkJy4TgwZTBGwRDQgWEbLbdTA==

"@nodelib/fs.scandir@2.1.5":
  version "2.1.5"
  resolved "https://registry.npmmirror.com/@nodelib/fs.scandir/-/fs.scandir-2.1.5.tgz"
  integrity sha512-vq24Bq3ym5HEQm2NKCr3yXDwjc7vTsEThRDnkp2DK9p1uqLR+DHurm/NOTo0KG7HYHU7eppKZj3MyqYuMBf62g==
  dependencies:
    "@nodelib/fs.stat" "2.0.5"
    run-parallel "^1.1.9"

"@nodelib/fs.stat@^2.0.2", "@nodelib/fs.stat@2.0.5":
  version "2.0.5"
  resolved "https://registry.npmmirror.com/@nodelib/fs.stat/-/fs.stat-2.0.5.tgz"
  integrity sha512-RkhPPp2zrqDAQA/2jNhnztcPAlv64XdhIp7a7454A5ovI7Bukxgt7MX7udwAu3zg1DcpPU0rz3VV1SeaqvY4+A==

"@nodelib/fs.walk@^1.2.3":
  version "1.2.8"
  resolved "https://registry.npmmirror.com/@nodelib/fs.walk/-/fs.walk-1.2.8.tgz"
  integrity sha512-oGB+UxlgWcgQkgwo8GcEGwemoTFt3FIO9ababBmaGwXIoBKZ+GTy0pP185beGg7Llih/NSHSV2XAs1lnznocSg==
  dependencies:
    "@nodelib/fs.scandir" "2.1.5"
    fastq "^1.6.0"

"@popperjs/core@^2.11.8", "@popperjs/core@npm:@sxzz/popperjs-es@^2.11.7":
  version "2.11.8"
  resolved "https://registry.npmjs.org/@popperjs/core/-/core-2.11.8.tgz"
  integrity sha512-P1st0aksCrn9sGZhp8GMYwBnQsbvAWsZAX44oXNNvLHGqAOcoVxmjZiohstwQ7SqKnbR47akdNi+uleWD8+g6A==

"@rollup/pluginutils@^5.0.4", "@rollup/pluginutils@^5.1.0":
  version "5.1.0"
  resolved "https://registry.npmmirror.com/@rollup/pluginutils/-/pluginutils-5.1.0.tgz"
  integrity sha512-XTIWOPPcpvyKI6L1NHo0lFlCyznUEyPmPY1mc3KpPVDYulHSTvyeLNVW00QTLIAFNhR3kYnJTQHeGqU4M3n09g==
  dependencies:
    "@types/estree" "^1.0.0"
    estree-walker "^2.0.2"
    picomatch "^2.3.1"

"@rollup/rollup-win32-x64-msvc@4.16.0":
  version "4.16.0"
  resolved "https://registry.npmmirror.com/@rollup/rollup-win32-x64-msvc/-/rollup-win32-x64-msvc-4.16.0.tgz"
  integrity sha512-tkfxXt+7c3Ecgn7ln9NJPdBM+QKwQdmFFpgAP+FYhAuRS5y3tY8xeza82gFjbPpytkHmaQnVdMtuzbToCz2tuw==

"@turf/helpers@^6.5.0":
  version "6.5.0"
  resolved "https://registry.npmmirror.com/@turf/helpers/-/helpers-6.5.0.tgz"
  integrity sha512-VbI1dV5bLFzohYYdgqwikdMVpe7pJ9X3E+dlr425wa2/sMJqYDhTO++ec38/pcPvPE6oD9WEEeU3Xu3gza+VPw==

"@turf/intersect@^6.5.0":
  version "6.5.0"
  resolved "https://registry.npmmirror.com/@turf/intersect/-/intersect-6.5.0.tgz"
  integrity sha512-2legGJeKrfFkzntcd4GouPugoqPUjexPZnOvfez+3SfIMrHvulw8qV8u7pfVyn2Yqs53yoVCEjS5sEpvQ5YRQg==
  dependencies:
    "@turf/helpers" "^6.5.0"
    "@turf/invariant" "^6.5.0"
    polygon-clipping "^0.15.3"

"@turf/invariant@^6.5.0":
  version "6.5.0"
  resolved "https://registry.npmmirror.com/@turf/invariant/-/invariant-6.5.0.tgz"
  integrity sha512-Wv8PRNCtPD31UVbdJE/KVAWKe7l6US+lJItRR/HOEW3eh+U/JwRCSUl/KZ7bmjM/C+zLNoreM2TU6OoLACs4eg==
  dependencies:
    "@turf/helpers" "^6.5.0"

"@types/estree@^1.0.0", "@types/estree@1.0.5":
  version "1.0.5"
  resolved "https://registry.npmmirror.com/@types/estree/-/estree-1.0.5.tgz"
  integrity sha512-/kYRxGDLWzHOB7q+wtSUQlFrtcdUccpfy+X+9iMBpHK8QLLhx2wIPYuS5DYtR9Wa/YlZAbIovy7qVdB1Aq6Lyw==

"@types/lodash-es@*", "@types/lodash-es@^4.17.6":
  version "4.17.12"
  resolved "https://registry.npmmirror.com/@types/lodash-es/-/lodash-es-4.17.12.tgz"
  integrity sha512-0NgftHUcV4v34VhXm8QBSftKVXtbkBG3ViCjs6+eJ5a6y6Mi/jiFGPc1sC7QK+9BFhWrURE3EOggmWaSxL9OzQ==
  dependencies:
    "@types/lodash" "*"

"@types/lodash@*", "@types/lodash@^4.14.182":
  version "4.17.0"
  resolved "https://registry.npmmirror.com/@types/lodash/-/lodash-4.17.0.tgz"
  integrity sha512-t7dhREVv6dbNj0q17X12j7yDG4bD/DHYX7o5/DbDxobP0HnGPgpRz2Ej77aL7TZT3DSw13fqUTj8J4mMnqa7WA==

"@types/node@^18.0.0 || >=20.0.0", "@types/node@^20.12.7":
  version "20.12.7"
  resolved "https://registry.npmmirror.com/@types/node/-/node-20.12.7.tgz"
  integrity sha512-wq0cICSkRLVaf3UGLMGItu/PtdY7oaXaI/RVU+xliKVOtRna3PRY57ZDfztpDL0n11vfymMUnXv8QwYCO7L1wg==
  dependencies:
    undici-types "~5.26.4"

"@types/web-bluetooth@^0.0.16":
  version "0.0.16"
  resolved "https://registry.npmmirror.com/@types/web-bluetooth/-/web-bluetooth-0.0.16.tgz"
  integrity sha512-oh8q2Zc32S6gd/j50GowEjKLoOVOwHP/bWVjKJInBwQqdOYMdPrf1oVlelTlyfFK3CKxL1uahMDAr+vy8T7yMQ==

"@vitejs/plugin-vue@^5.0.4":
  version "5.0.4"
  resolved "https://registry.npmmirror.com/@vitejs/plugin-vue/-/plugin-vue-5.0.4.tgz"
  integrity sha512-WS3hevEszI6CEVEx28F8RjTX97k3KsrcY6kvTg7+Whm5y3oYvcqzVeGCU3hxSAn4uY2CLCkeokkGKpoctccilQ==

"@vue/compiler-core@3.4.23":
  version "3.4.23"
  resolved "https://registry.npmmirror.com/@vue/compiler-core/-/compiler-core-3.4.23.tgz"
  integrity sha512-HAFmuVEwNqNdmk+w4VCQ2pkLk1Vw4XYiiyxEp3z/xvl14aLTUBw2OfVH3vBcx+FtGsynQLkkhK410Nah1N2yyQ==
  dependencies:
    "@babel/parser" "^7.24.1"
    "@vue/shared" "3.4.23"
    entities "^4.5.0"
    estree-walker "^2.0.2"
    source-map-js "^1.2.0"

"@vue/compiler-dom@3.4.23":
  version "3.4.23"
  resolved "https://registry.npmmirror.com/@vue/compiler-dom/-/compiler-dom-3.4.23.tgz"
  integrity sha512-t0b9WSTnCRrzsBGrDd1LNR5HGzYTr7LX3z6nNBG+KGvZLqrT0mY6NsMzOqlVMBKKXKVuusbbB5aOOFgTY+senw==
  dependencies:
    "@vue/compiler-core" "3.4.23"
    "@vue/shared" "3.4.23"

"@vue/compiler-sfc@3.4.23":
  version "3.4.23"
  resolved "https://registry.npmmirror.com/@vue/compiler-sfc/-/compiler-sfc-3.4.23.tgz"
  integrity sha512-fSDTKTfzaRX1kNAUiaj8JB4AokikzStWgHooMhaxyjZerw624L+IAP/fvI4ZwMpwIh8f08PVzEnu4rg8/Npssw==
  dependencies:
    "@babel/parser" "^7.24.1"
    "@vue/compiler-core" "3.4.23"
    "@vue/compiler-dom" "3.4.23"
    "@vue/compiler-ssr" "3.4.23"
    "@vue/shared" "3.4.23"
    estree-walker "^2.0.2"
    magic-string "^0.30.8"
    postcss "^8.4.38"
    source-map-js "^1.2.0"

"@vue/compiler-ssr@3.4.23":
  version "3.4.23"
  resolved "https://registry.npmmirror.com/@vue/compiler-ssr/-/compiler-ssr-3.4.23.tgz"
  integrity sha512-hb6Uj2cYs+tfqz71Wj6h3E5t6OKvb4MVcM2Nl5i/z1nv1gjEhw+zYaNOV+Xwn+SSN/VZM0DgANw5TuJfxfezPg==
  dependencies:
    "@vue/compiler-dom" "3.4.23"
    "@vue/shared" "3.4.23"

"@vue/devtools-api@^6.5.1":
  version "6.6.1"
  resolved "https://registry.npmmirror.com/@vue/devtools-api/-/devtools-api-6.6.1.tgz"
  integrity sha512-LgPscpE3Vs0x96PzSSB4IGVSZXZBZHpfxs+ZA1d+VEPwHdOXowy/Y2CsvCAIFrf+ssVU1pD1jidj505EpUnfbA==

"@vue/reactivity@3.4.23":
  version "3.4.23"
  resolved "https://registry.npmmirror.com/@vue/reactivity/-/reactivity-3.4.23.tgz"
  integrity sha512-GlXR9PL+23fQ3IqnbSQ8OQKLodjqCyoCrmdLKZk3BP7jN6prWheAfU7a3mrltewTkoBm+N7qMEb372VHIkQRMQ==
  dependencies:
    "@vue/shared" "3.4.23"

"@vue/runtime-core@3.4.23":
  version "3.4.23"
  resolved "https://registry.npmmirror.com/@vue/runtime-core/-/runtime-core-3.4.23.tgz"
  integrity sha512-FeQ9MZEXoFzFkFiw9MQQ/FWs3srvrP+SjDKSeRIiQHIhtkzoj0X4rWQlRNHbGuSwLra6pMyjAttwixNMjc/xLw==
  dependencies:
    "@vue/reactivity" "3.4.23"
    "@vue/shared" "3.4.23"

"@vue/runtime-dom@3.4.23":
  version "3.4.23"
  resolved "https://registry.npmmirror.com/@vue/runtime-dom/-/runtime-dom-3.4.23.tgz"
  integrity sha512-RXJFwwykZWBkMiTPSLEWU3kgVLNAfActBfWFlZd0y79FTUxexogd0PLG4HH2LfOktjRxV47Nulygh0JFXe5f9A==
  dependencies:
    "@vue/runtime-core" "3.4.23"
    "@vue/shared" "3.4.23"
    csstype "^3.1.3"

"@vue/server-renderer@3.4.23":
  version "3.4.23"
  resolved "https://registry.npmmirror.com/@vue/server-renderer/-/server-renderer-3.4.23.tgz"
  integrity sha512-LDwGHtnIzvKFNS8dPJ1SSU5Gvm36p2ck8wCZc52fc3k/IfjKcwCyrWEf0Yag/2wTFUBXrqizfhK9c/mC367dXQ==
  dependencies:
    "@vue/compiler-ssr" "3.4.23"
    "@vue/shared" "3.4.23"

"@vue/shared@3.4.23":
  version "3.4.23"
  resolved "https://registry.npmmirror.com/@vue/shared/-/shared-3.4.23.tgz"
  integrity sha512-wBQ0gvf+SMwsCQOyusNw/GoXPV47WGd1xB5A1Pgzy0sQ3Bi5r5xm3n+92y3gCnB3MWqnRDdvfkRGxhKtbBRNgg==

"@vuemap/amap-jsapi-loader@1.0.4":
  version "1.0.4"
  resolved "https://registry.npmmirror.com/@vuemap/amap-jsapi-loader/-/amap-jsapi-loader-1.0.4.tgz"
  integrity sha512-s5fFHrsNkjYMovEmUJ5S23jpDtElTanDN2HdCt/amOD245a8wWVcTPjl06YEHXtxf6Ewm+z29wQByOCn209Hxg==

"@vuemap/amap-jsapi-types@^0.0.16":
  version "0.0.16"
  resolved "https://registry.npmmirror.com/@vuemap/amap-jsapi-types/-/amap-jsapi-types-0.0.16.tgz"
  integrity sha512-1B1H2IS8sT2RDubbpEY+K8j11Gb7PZY5Bo0cszRkF8Nw+9HNqpbUNeqkQ6+rxLkwIedcSkOsFDy/IyzXCUXqVw==

"@vuemap/amap-jsapi-types@^0.0.17":
  version "0.0.17"
  resolved "https://registry.npmmirror.com/@vuemap/amap-jsapi-types/-/amap-jsapi-types-0.0.17.tgz"
  integrity sha512-FHI8OMWxJWbgyuQ0tKclvurQIVHRexMIYAOwZ/z9+G7aHHK5EFhKM13siLczNNAgXdJ2dctPEghCdlhcByl3Ag==

"@vuemap/amap-xyz-layer@0.0.10":
  version "0.0.10"
  resolved "https://registry.npmmirror.com/@vuemap/amap-xyz-layer/-/amap-xyz-layer-0.0.10.tgz"
  integrity sha512-NHAGN57EFn2Xpktwx6+fqlVHmu8MvG4gl9fQJT2LepAJSmgFG+o+YtOoJFXwdT8BOg8W5evJNE+CZC0833zZpA==
  dependencies:
    "@math.gl/core" "3.6.3"
    earcut "2.2.4"
    gl-matrix "3.4.3"

"@vuemap/district-cluster@0.0.11":
  version "0.0.11"
  resolved "https://registry.npmmirror.com/@vuemap/district-cluster/-/district-cluster-0.0.11.tgz"
  integrity sha512-SY01gFe8uhP5FKjzyTe0x2yL2K5VmwD5UKlEUU4e09UUZphXCj2Ci7iunX0L29nWINkBjdfxu8dXzhIcx9T3ug==
  dependencies:
    "@turf/helpers" "^6.5.0"
    "@turf/intersect" "^6.5.0"
    "@vuemap/amap-jsapi-types" "^0.0.16"
    topojson-client "3.1.0"

"@vuemap/unplugin-resolver@^2.0.0":
  version "2.0.0"
  resolved "https://registry.npmjs.org/@vuemap/unplugin-resolver/-/unplugin-resolver-2.0.0.tgz"
  integrity sha512-jhSZCxBwXN5txjlV1zRGfsLS+G+wrTA8oQWkBD0g3A0Wqn9Hvq0KKDAePA23m+gwZk4xqOMi1gBoUiqqiIoaMw==

"@vuemap/vue-amap@^2.1.1":
  version "2.1.1"
  resolved "https://registry.npmmirror.com/@vuemap/vue-amap/-/vue-amap-2.1.1.tgz"
  integrity sha512-340nZxN7jgl9ff1phBnVPoPumzZPA03S6bf3KPhn1ybschw7gm2RNX+h0kFC+sOmFxyjRJULh2g1a2tdiQtHsA==
  dependencies:
    "@vuemap/amap-jsapi-loader" "1.0.4"
    "@vuemap/amap-jsapi-types" "^0.0.17"
    "@vuemap/amap-xyz-layer" "0.0.10"
    "@vuemap/district-cluster" "0.0.11"
    lodash-es "^4.17.21"

"@vueuse/core@*", "@vueuse/core@^9.1.0":
  version "9.13.0"
  resolved "https://registry.npmmirror.com/@vueuse/core/-/core-9.13.0.tgz"
  integrity sha512-pujnclbeHWxxPRqXWmdkKV5OX4Wk4YeK7wusHqRwU0Q7EFusHoqNA/aPhB6KCh9hEqJkLAJo7bb0Lh9b+OIVzw==
  dependencies:
    "@types/web-bluetooth" "^0.0.16"
    "@vueuse/metadata" "9.13.0"
    "@vueuse/shared" "9.13.0"
    vue-demi "*"

"@vueuse/metadata@9.13.0":
  version "9.13.0"
  resolved "https://registry.npmmirror.com/@vueuse/metadata/-/metadata-9.13.0.tgz"
  integrity sha512-gdU7TKNAUVlXXLbaF+ZCfte8BjRJQWPCa2J55+7/h+yDtzw3vOoGQDRXzI6pyKyo6bXFT5/QoPE4hAknExjRLQ==

"@vueuse/shared@9.13.0":
  version "9.13.0"
  resolved "https://registry.npmmirror.com/@vueuse/shared/-/shared-9.13.0.tgz"
  integrity sha512-UrnhU+Cnufu4S6JLCPZnkWh0WwZGUp72ktOF2DFptMlOs3TOdVv8xJN53zhHGARmVOsz5KqOls09+J1NR6sBKw==
  dependencies:
    vue-demi "*"

acorn@^8.10.0, acorn@^8.11.2, acorn@^8.11.3:
  version "8.11.3"
  resolved "https://registry.npmmirror.com/acorn/-/acorn-8.11.3.tgz"
  integrity sha512-Y9rRfJG5jcKOE0CLisYbojUjIrIEE7AGMzA/Sm4BslANhbS+cDMpgBdcPT91oJ7OuJ9hYJBx59RjbhxVnrF8Xg==

anymatch@~3.1.2:
  version "3.1.3"
  resolved "https://registry.npmmirror.com/anymatch/-/anymatch-3.1.3.tgz"
  integrity sha512-KMReFUr0B4t+D+OBkjR3KYqvocp2XaSzO55UcB6mgQMd3KbcE+mWTyvVV7D/zsdEbNnV6acZUutkiHQXvTr1Rw==
  dependencies:
    normalize-path "^3.0.0"
    picomatch "^2.0.4"

async-validator@^4.2.5:
  version "4.2.5"
  resolved "https://registry.npmmirror.com/async-validator/-/async-validator-4.2.5.tgz"
  integrity sha512-7HhHjtERjqlNbZtqNqy2rckN/SpOOlmDliet+lP7k+eKZEjPk3DgyeU9lIXLdeLz0uBbbVp+9Qdow9wJWgwwfg==

balanced-match@^1.0.0:
  version "1.0.2"
  resolved "https://registry.npmmirror.com/balanced-match/-/balanced-match-1.0.2.tgz"
  integrity sha512-3oSeUO0TMV67hN1AmbXsK4yaqU7tjiHlbxRDZOpH0KW9+CeX4bRAaX0Anxt0tx2MrpRpWwQaPwIlISEJhYU5Pw==

binary-extensions@^2.0.0:
  version "2.3.0"
  resolved "https://registry.npmmirror.com/binary-extensions/-/binary-extensions-2.3.0.tgz"
  integrity sha512-Ceh+7ox5qe7LJuLHoY0feh3pHuUDHAcRUeyL2VYghZwfpkNIy/+8Ocg0a3UuSoYzavmylwuLWQOf3hl0jjMMIw==

bootstrap@^5.3.3:
  version "5.3.3"
  resolved "https://registry.npmjs.org/bootstrap/-/bootstrap-5.3.3.tgz"
  integrity sha512-8HLCdWgyoMguSO9o+aH+iuZ+aht+mzW0u3HIMzVu7Srrpv7EBBxTnrFlSCskwdY1+EOFQSm7uMJhNQHkdPcmjg==

brace-expansion@^2.0.1:
  version "2.0.1"
  resolved "https://registry.npmmirror.com/brace-expansion/-/brace-expansion-2.0.1.tgz"
  integrity sha512-XnAIvQ8eM+kC6aULx6wuQiwVsnzsi9d3WxzV3FpWTGA19F621kwdbsAcFKXgKUHZWsy+mY6iL1sHTxWEFCytDA==
  dependencies:
    balanced-match "^1.0.0"

braces@^3.0.2, braces@~3.0.2:
  version "3.0.2"
  resolved "https://registry.npmmirror.com/braces/-/braces-3.0.2.tgz"
  integrity sha512-b8um+L1RzM3WDSzvhm6gIz1yfTbBt6YTlcEKAvsmqCZZFw46z626lVj9j1yEPW33H5H+lBQpZMP1k8l+78Ha0A==
  dependencies:
    fill-range "^7.0.1"

chokidar@^3.5.3, chokidar@^3.6.0, "chokidar@>=3.0.0 <4.0.0":
  version "3.6.0"
  resolved "https://registry.npmmirror.com/chokidar/-/chokidar-3.6.0.tgz"
  integrity sha512-7VT13fmjotKpGipCW9JEQAusEPE+Ei8nl6/g4FBAmIm0GOOLMua9NDDo/DWp0ZAxCr3cPq5ZpBqmPAQgDda2Pw==
  dependencies:
    anymatch "~3.1.2"
    braces "~3.0.2"
    glob-parent "~5.1.2"
    is-binary-path "~2.1.0"
    is-glob "~4.0.1"
    normalize-path "~3.0.0"
    readdirp "~3.6.0"
  optionalDependencies:
    fsevents "~2.3.2"

commander@2:
  version "2.20.3"
  resolved "https://registry.npmmirror.com/commander/-/commander-2.20.3.tgz"
  integrity sha512-GpVkmM8vF2vQUkj2LvZmD35JxeJOLCwJ9cUkugyk2nuhbv3+mJvpLYYt+0+USMxE+oj+ey/lJEnhZw75x/OMcQ==

confbox@^0.1.7:
  version "0.1.7"
  resolved "https://registry.npmmirror.com/confbox/-/confbox-0.1.7.tgz"
  integrity sha512-uJcB/FKZtBMCJpK8MQji6bJHgu1tixKPxRLeGkNzBoOZzpnZUJm0jm2/sBDWcuBx1dYgxV4JU+g5hmNxCyAmdA==

csstype@^3.1.3:
  version "3.1.3"
  resolved "https://registry.npmmirror.com/csstype/-/csstype-3.1.3.tgz"
  integrity sha512-M1uQkMl8rQK/szD0LNhtqxIPLpimGm8sOBwU7lLnCpSbTyY3yeU1Vc7l4KT5zT4s/yOxHH5O7tIuuLOCnLADRw==

dayjs@^1.11.3:
  version "1.11.10"
  resolved "https://registry.npmmirror.com/dayjs/-/dayjs-1.11.10.tgz"
  integrity sha512-vjAczensTgRcqDERK0SR2XMwsF/tSvnvlv6VcF2GIhg6Sx4yOIt/irsr1RDJsKiIyBzJDpCoXiWWq28MqH2cnQ==

debug@^4.3.4:
  version "4.3.4"
  resolved "https://registry.npmmirror.com/debug/-/debug-4.3.4.tgz"
  integrity sha512-PRWFHuSU3eDtQJPvnNY7Jcket1j0t5OuOsFzPPzsekD52Zl8qUfFIPEiswXqIvHWGVHOgX+7G/vCNNhehwxfkQ==
  dependencies:
    ms "2.1.2"

default-passive-events@^2.0.0:
  version "2.0.0"
  resolved "https://registry.npmmirror.com/default-passive-events/-/default-passive-events-2.0.0.tgz"
  integrity sha512-eMtt76GpDVngZQ3ocgvRcNCklUMwID1PaNbCNxfpDXuiOXttSh0HzBbda1HU9SIUsDc02vb7g9+3I5tlqe/qMQ==

earcut@2.2.4:
  version "2.2.4"
  resolved "https://registry.npmmirror.com/earcut/-/earcut-2.2.4.tgz"
  integrity sha512-/pjZsA1b4RPHbeWZQn66SWS8nZZWLQQ23oE3Eam7aroEFGEvwKAsJfZ9ytiEMycfzXWpca4FA9QIOehf7PocBQ==

element-plus@^2.7.0:
  version "2.7.1"
  resolved "https://registry.npmmirror.com/element-plus/-/element-plus-2.7.1.tgz"
  integrity sha512-yk/vXFwJp0flMrd2kfcR0XlumhwtPjB19HJvwcf0n3DvRE7UK8LeSK14LVghSzk0TzPsFFElweMnZEEv7+MYuQ==
  dependencies:
    "@ctrl/tinycolor" "^3.4.1"
    "@element-plus/icons-vue" "^2.3.1"
    "@floating-ui/dom" "^1.0.1"
    "@popperjs/core" "npm:@sxzz/popperjs-es@^2.11.7"
    "@types/lodash" "^4.14.182"
    "@types/lodash-es" "^4.17.6"
    "@vueuse/core" "^9.1.0"
    async-validator "^4.2.5"
    dayjs "^1.11.3"
    escape-html "^1.0.3"
    lodash "^4.17.21"
    lodash-es "^4.17.21"
    lodash-unified "^1.0.2"
    memoize-one "^6.0.0"
    normalize-wheel-es "^1.2.0"

entities@^4.5.0:
  version "4.5.0"
  resolved "https://registry.npmmirror.com/entities/-/entities-4.5.0.tgz"
  integrity sha512-V0hjH4dGPh9Ao5p0MoRY6BVqtwCjhz6vI5LT8AJ55H+4g9/4vbHx1I54fS0XuclLhDHArPQCiMjDxjaL8fPxhw==

esbuild@^0.20.1:
  version "0.20.2"
  resolved "https://registry.npmmirror.com/esbuild/-/esbuild-0.20.2.tgz"
  integrity sha512-WdOOppmUNU+IbZ0PaDiTst80zjnrOkyJNHoKupIcVyU8Lvla3Ugx94VzkQ32Ijqd7UhHJy75gNWDMUekcrSJ6g==
  optionalDependencies:
    "@esbuild/aix-ppc64" "0.20.2"
    "@esbuild/android-arm" "0.20.2"
    "@esbuild/android-arm64" "0.20.2"
    "@esbuild/android-x64" "0.20.2"
    "@esbuild/darwin-arm64" "0.20.2"
    "@esbuild/darwin-x64" "0.20.2"
    "@esbuild/freebsd-arm64" "0.20.2"
    "@esbuild/freebsd-x64" "0.20.2"
    "@esbuild/linux-arm" "0.20.2"
    "@esbuild/linux-arm64" "0.20.2"
    "@esbuild/linux-ia32" "0.20.2"
    "@esbuild/linux-loong64" "0.20.2"
    "@esbuild/linux-mips64el" "0.20.2"
    "@esbuild/linux-ppc64" "0.20.2"
    "@esbuild/linux-riscv64" "0.20.2"
    "@esbuild/linux-s390x" "0.20.2"
    "@esbuild/linux-x64" "0.20.2"
    "@esbuild/netbsd-x64" "0.20.2"
    "@esbuild/openbsd-x64" "0.20.2"
    "@esbuild/sunos-x64" "0.20.2"
    "@esbuild/win32-arm64" "0.20.2"
    "@esbuild/win32-ia32" "0.20.2"
    "@esbuild/win32-x64" "0.20.2"

escape-html@^1.0.3:
  version "1.0.3"
  resolved "https://registry.npmmirror.com/escape-html/-/escape-html-1.0.3.tgz"
  integrity sha512-NiSupZ4OeuGwr68lGIeym/ksIZMJodUGOSCZ/FSnTxcrekbvqrgdUxlJOMpijaKZVjAJrWrGs/6Jy8OMuyj9ow==

escape-string-regexp@^5.0.0:
  version "5.0.0"
  resolved "https://registry.npmmirror.com/escape-string-regexp/-/escape-string-regexp-5.0.0.tgz"
  integrity sha512-/veY75JbMK4j1yjvuUxuVsiS/hr/4iHs9FTT6cgTexxdE0Ly/glccBAkloH/DofkjRbZU3bnoj38mOmhkZ0lHw==

estree-walker@^2.0.2:
  version "2.0.2"
  resolved "https://registry.npmmirror.com/estree-walker/-/estree-walker-2.0.2.tgz"
  integrity sha512-Rfkk/Mp/DL7JVje3u18FxFujQlTNR2q6QfMSMB7AvCBx91NGj/ba3kCfza0f6dVDbw7YlRf/nDrn7pQrCCyQ/w==

estree-walker@^3.0.3:
  version "3.0.3"
  resolved "https://registry.npmmirror.com/estree-walker/-/estree-walker-3.0.3.tgz"
  integrity sha512-7RUKfXgSMMkzt6ZuXmqapOurLGPPfgj6l9uRZ7lRGolvk0y2yocc35LdcxKC5PQZdn2DMqioAQ2NoWcrTKmm6g==
  dependencies:
    "@types/estree" "^1.0.0"

fast-glob@^3.3.1, fast-glob@^3.3.2:
  version "3.3.2"
  resolved "https://registry.npmmirror.com/fast-glob/-/fast-glob-3.3.2.tgz"
  integrity sha512-oX2ruAFQwf/Orj8m737Y5adxDQO0LAB7/S5MnxCdTNDd4p6BsyIVsv9JQsATbTSq8KHRpLwIHbVlUNatxd+1Ow==
  dependencies:
    "@nodelib/fs.stat" "^2.0.2"
    "@nodelib/fs.walk" "^1.2.3"
    glob-parent "^5.1.2"
    merge2 "^1.3.0"
    micromatch "^4.0.4"

fastq@^1.6.0:
  version "1.17.1"
  resolved "https://registry.npmmirror.com/fastq/-/fastq-1.17.1.tgz"
  integrity sha512-sRVD3lWVIXWg6By68ZN7vho9a1pQcN/WBFaAAsDDFzlJjvoGx0P8z7V1t72grFJfJhu3YPZBuu25f7Kaw2jN1w==
  dependencies:
    reusify "^1.0.4"

fill-range@^7.0.1:
  version "7.0.1"
  resolved "https://registry.npmmirror.com/fill-range/-/fill-range-7.0.1.tgz"
  integrity sha512-qOo9F+dMUmC2Lcb4BbVvnKJxTPjCm+RRpe4gDuGrzkL7mEVl/djYSu2OdQ2Pa302N4oqkSg9ir6jaLWJ2USVpQ==
  dependencies:
    to-regex-range "^5.0.1"

function-bind@^1.1.2:
  version "1.1.2"
  resolved "https://registry.npmmirror.com/function-bind/-/function-bind-1.1.2.tgz"
  integrity sha512-7XHNxH7qX9xG5mIwxkhumTox/MIRNcOgDrxWsMt2pAr23WHp6MrRlN7FBSFpCpr+oVO0F744iUgR82nJMfG2SA==

gl-matrix@^3.4.0, gl-matrix@3.4.3:
  version "3.4.3"
  resolved "https://registry.npmmirror.com/gl-matrix/-/gl-matrix-3.4.3.tgz"
  integrity sha512-wcCp8vu8FT22BnvKVPjXa/ICBWRq/zjFfdofZy1WSpQZpphblv12/bOQLBC1rMM7SGOFS9ltVmKOHil5+Ml7gA==

glob-parent@^5.1.2, glob-parent@~5.1.2:
  version "5.1.2"
  resolved "https://registry.npmmirror.com/glob-parent/-/glob-parent-5.1.2.tgz"
  integrity sha512-AOIgSQCepiJYwP3ARnGx+5VnTu2HBYdzbGP45eLw1vr3zB3vZLeyed1sC9hnbcOc9/SrMyM5RPQrkGz4aS9Zow==
  dependencies:
    is-glob "^4.0.1"

hasown@^2.0.0:
  version "2.0.2"
  resolved "https://registry.npmmirror.com/hasown/-/hasown-2.0.2.tgz"
  integrity sha512-0hJU9SCPvmMzIBdZFqNPXWa6dqh7WdH0cII9y+CyS8rG3nL48Bclra9HmKhVVUHyPWNH5Y7xDwAB7bfgSjkUMQ==
  dependencies:
    function-bind "^1.1.2"

immutable@^4.0.0:
  version "4.3.5"
  resolved "https://registry.npmjs.org/immutable/-/immutable-4.3.5.tgz"
  integrity sha512-8eabxkth9gZatlwl5TBuJnCsoTADlL6ftEr7A4qgdaTsPyreilDSnUk57SO+jfKcNtxPa22U5KK6DSeAYhpBJw==

is-binary-path@~2.1.0:
  version "2.1.0"
  resolved "https://registry.npmmirror.com/is-binary-path/-/is-binary-path-2.1.0.tgz"
  integrity sha512-ZMERYes6pDydyuGidse7OsHxtbI7WVeUEozgR/g7rd0xUimYNlvZRE/K2MgZTjWy725IfelLeVcEM97mmtRGXw==
  dependencies:
    binary-extensions "^2.0.0"

is-core-module@^2.13.0:
  version "2.13.1"
  resolved "https://registry.npmmirror.com/is-core-module/-/is-core-module-2.13.1.tgz"
  integrity sha512-hHrIjvZsftOsvKSn2TRYl63zvxsgE0K+0mYMoH6gD4omR5IWB2KynivBQczo3+wF1cCkjzvptnI9Q0sPU66ilw==
  dependencies:
    hasown "^2.0.0"

is-extglob@^2.1.1:
  version "2.1.1"
  resolved "https://registry.npmmirror.com/is-extglob/-/is-extglob-2.1.1.tgz"
  integrity sha512-SbKbANkN603Vi4jEZv49LeVJMn4yGwsbzZworEoyEiutsN3nJYdbO36zfhGJ6QEDpOZIFkDtnq5JRxmvl3jsoQ==

is-glob@^4.0.1, is-glob@~4.0.1:
  version "4.0.3"
  resolved "https://registry.npmmirror.com/is-glob/-/is-glob-4.0.3.tgz"
  integrity sha512-xelSayHH36ZgE7ZWhli7pW34hNbNl8Ojv5KVmkJD4hBdD3th8Tfk9vYasLM+mXWOZhFkgZfxhLSnrwRr4elSSg==
  dependencies:
    is-extglob "^2.1.1"

is-number@^7.0.0:
  version "7.0.0"
  resolved "https://registry.npmmirror.com/is-number/-/is-number-7.0.0.tgz"
  integrity sha512-41Cifkg6e8TylSpdtTpeLVMqvSBEVzTttHvERD741+pnZ8ANv0004MRL43QKPDlK9cGvNp6NZWZUBlbGXYxxng==

local-pkg@^0.4.3:
  version "0.4.3"
  resolved "https://registry.npmmirror.com/local-pkg/-/local-pkg-0.4.3.tgz"
  integrity sha512-SFppqq5p42fe2qcZQqqEOiVRXl+WCP1MdT6k7BDEW1j++sp5fIY+/fdRQitvKgB5BrBcmrs5m/L0v2FrU5MY1g==

local-pkg@^0.5.0:
  version "0.5.0"
  resolved "https://registry.npmmirror.com/local-pkg/-/local-pkg-0.5.0.tgz"
  integrity sha512-ok6z3qlYyCDS4ZEU27HaU6x/xZa9Whf8jD4ptH5UZTQYZVYeb9bnZ3ojVhiJNLiXK1Hfc0GNbLXcmZ5plLDDBg==
  dependencies:
    mlly "^1.4.2"
    pkg-types "^1.0.3"

lodash-es@*, lodash-es@^4.17.21:
  version "4.17.21"
  resolved "https://registry.npmmirror.com/lodash-es/-/lodash-es-4.17.21.tgz"
  integrity sha512-mKnC+QJ9pWVzv+C4/U3rRsHapFfHvQFoFB92e52xeyGMcX6/OlIl78je1u8vePzYZSkkogMPJ2yjxxsb89cxyw==

lodash-unified@^1.0.2:
  version "1.0.3"
  resolved "https://registry.npmmirror.com/lodash-unified/-/lodash-unified-1.0.3.tgz"
  integrity sha512-WK9qSozxXOD7ZJQlpSqOT+om2ZfcT4yO+03FuzAHD0wF6S0l0090LRPDx3vhTTLZ8cFKpBn+IOcVXK6qOcIlfQ==

lodash@*, lodash@^4.17.21:
  version "4.17.21"
  resolved "https://registry.npmmirror.com/lodash/-/lodash-4.17.21.tgz"
  integrity sha512-v2kDEe57lecTulaDIuNTPy3Ry4gLGJ6Z1O3vE1krgXZNrsQ+LFTGHVxVjcXPs17LhbZVGedAJv8XZ1tvj5FvSg==

magic-string@^0.30.3, magic-string@^0.30.5, magic-string@^0.30.8:
  version "0.30.10"
  resolved "https://registry.npmmirror.com/magic-string/-/magic-string-0.30.10.tgz"
  integrity sha512-iIRwTIf0QKV3UAnYK4PU8uiEc4SRh5jX0mwpIwETPpHdhVM4f53RSwS/vXvN1JhGX+Cs7B8qIq3d6AH49O5fAQ==
  dependencies:
    "@jridgewell/sourcemap-codec" "^1.4.15"

memoize-one@^6.0.0:
  version "6.0.0"
  resolved "https://registry.npmmirror.com/memoize-one/-/memoize-one-6.0.0.tgz"
  integrity sha512-rkpe71W0N0c0Xz6QD0eJETuWAJGnJ9afsl1srmwPrI+yBCkge5EycXXbYRyvL29zZVUWQCY7InPRCv3GDXuZNw==

merge2@^1.3.0:
  version "1.4.1"
  resolved "https://registry.npmmirror.com/merge2/-/merge2-1.4.1.tgz"
  integrity sha512-8q7VEgMJW4J8tcfVPy8g09NcQwZdbwFEqhe/WZkoIzjn/3TGDwtOCYtXGxA3O8tPzpczCCDgv+P2P5y00ZJOOg==

micromatch@^4.0.4:
  version "4.0.5"
  resolved "https://registry.npmmirror.com/micromatch/-/micromatch-4.0.5.tgz"
  integrity sha512-DMy+ERcEW2q8Z2Po+WNXuw3c5YaUSFjAO5GsJqfEl7UjvtIuFKO6ZrKvcItdy98dwFI2N1tg3zNIdKaQT+aNdA==
  dependencies:
    braces "^3.0.2"
    picomatch "^2.3.1"

minimatch@^9.0.3:
  version "9.0.4"
  resolved "https://registry.npmmirror.com/minimatch/-/minimatch-9.0.4.tgz"
  integrity sha512-KqWh+VchfxcMNRAJjj2tnsSJdNbHsVgnkBhTNrW7AjVo6OvLtxw8zfT9oLw1JSohlFzJ8jCoTgaoXvJ+kHt6fw==
  dependencies:
    brace-expansion "^2.0.1"

mlly@^1.4.2, mlly@^1.6.1:
  version "1.6.1"
  resolved "https://registry.npmmirror.com/mlly/-/mlly-1.6.1.tgz"
  integrity sha512-vLgaHvaeunuOXHSmEbZ9izxPx3USsk8KCQ8iC+aTlp5sKRSoZvwhHh5L9VbKSaVC6sJDqbyohIS76E2VmHIPAA==
  dependencies:
    acorn "^8.11.3"
    pathe "^1.1.2"
    pkg-types "^1.0.3"
    ufo "^1.3.2"

ms@2.1.2:
  version "2.1.2"
  resolved "https://registry.npmmirror.com/ms/-/ms-2.1.2.tgz"
  integrity sha512-sGkPx+VjMtmA6MX27oA4FBFELFCZZ4S4XqeGOXCv68tT+jb3vk/RyaKWP0PTKyWtmLSM0b+adUTEvbs1PEaH2w==

nanoid@^3.3.7:
  version "3.3.7"
  resolved "https://registry.npmmirror.com/nanoid/-/nanoid-3.3.7.tgz"
  integrity sha512-eSRppjcPIatRIMC1U6UngP8XFcz8MQWGQdt1MTBQ7NaAmvXDfvNxbvWV3x2y6CdEUciCSsDHDQZbhYaB8QEo2g==

normalize-path@^3.0.0, normalize-path@~3.0.0:
  version "3.0.0"
  resolved "https://registry.npmmirror.com/normalize-path/-/normalize-path-3.0.0.tgz"
  integrity sha512-6eZs5Ls3WtCisHWp9S2GUy8dqkpGi4BVSz3GaqiE6ezub0512ESztXUwUB6C6IKbQkY2Pnb/mD4WYojCRwcwLA==

normalize-wheel-es@^1.2.0:
  version "1.2.0"
  resolved "https://registry.npmmirror.com/normalize-wheel-es/-/normalize-wheel-es-1.2.0.tgz"
  integrity sha512-Wj7+EJQ8mSuXr2iWfnujrimU35R2W4FAErEyTmJoJ7ucwTn2hOUSsRehMb5RSYkxXGTM7Y9QpvPmp++w5ftoJw==

path-parse@^1.0.7:
  version "1.0.7"
  resolved "https://registry.npmmirror.com/path-parse/-/path-parse-1.0.7.tgz"
  integrity sha512-LDJzPVEEEPR+y48z93A0Ed0yXb8pAByGWo/k5YYdYgpY2/2EsOsksJrq7lOHxryrVOn1ejG6oAp8ahvOIQD8sw==

pathe@^1.1.1, pathe@^1.1.2:
  version "1.1.2"
  resolved "https://registry.npmmirror.com/pathe/-/pathe-1.1.2.tgz"
  integrity sha512-whLdWMYL2TwI08hn8/ZqAbrVemu0LNaNNJZX73O6qaIdCTfXutsLhMkjdENX0qhsQ9uIimo4/aQOmXkoon2nDQ==

picocolors@^1.0.0:
  version "1.0.0"
  resolved "https://registry.npmmirror.com/picocolors/-/picocolors-1.0.0.tgz"
  integrity sha512-1fygroTLlHu66zi26VoTDv8yRgm0Fccecssto+MhsZ0D/DGW2sm8E8AjW7NU5VVTRt5GxbeZ5qBuJr+HyLYkjQ==

picomatch@^2.0.4, picomatch@^2.2.1, picomatch@^2.3.1:
  version "2.3.1"
  resolved "https://registry.npmmirror.com/picomatch/-/picomatch-2.3.1.tgz"
  integrity sha512-JU3teHTNjmE2VCGFzuY8EXzCDVwEqB2a8fsIvwaStHhAWJEeVd1o1QD80CU6+ZdEXXSLbSsuLwJjkCBWqRQUVA==

pkg-types@^1.0.3:
  version "1.1.0"
  resolved "https://registry.npmmirror.com/pkg-types/-/pkg-types-1.1.0.tgz"
  integrity sha512-/RpmvKdxKf8uILTtoOhAgf30wYbP2Qw+L9p3Rvshx1JZVX+XQNZQFjlbmGHEGIm4CkVPlSn+NXmIM8+9oWQaSA==
  dependencies:
    confbox "^0.1.7"
    mlly "^1.6.1"
    pathe "^1.1.2"

polygon-clipping@^0.15.3:
  version "0.15.7"
  resolved "https://registry.npmmirror.com/polygon-clipping/-/polygon-clipping-0.15.7.tgz"
  integrity sha512-nhfdr83ECBg6xtqOAJab1tbksbBAOMUltN60bU+llHVOL0e5Onm1WpAXXWXVB39L8AJFssoIhEVuy/S90MmotA==
  dependencies:
    robust-predicates "^3.0.2"
    splaytree "^3.1.0"

postcss@^8.4.38:
  version "8.4.38"
  resolved "https://registry.npmmirror.com/postcss/-/postcss-8.4.38.tgz"
  integrity sha512-Wglpdk03BSfXkHoQa3b/oulrotAkwrlLDRSOb9D0bN86FdRyE9lppSp33aHNPgBa0JKCoB+drFLZkQoRRYae5A==
  dependencies:
    nanoid "^3.3.7"
    picocolors "^1.0.0"
    source-map-js "^1.2.0"

queue-microtask@^1.2.2:
  version "1.2.3"
  resolved "https://registry.npmmirror.com/queue-microtask/-/queue-microtask-1.2.3.tgz"
  integrity sha512-NuaNSa6flKT5JaSYQzJok04JzTL1CA6aGhv5rfLW3PgqA+M2ChpZQnAC8h8i4ZFkBS8X5RqkDBHA7r4hej3K9A==

readdirp@~3.6.0:
  version "3.6.0"
  resolved "https://registry.npmmirror.com/readdirp/-/readdirp-3.6.0.tgz"
  integrity sha512-hOS089on8RduqdbhvQ5Z37A0ESjsqz6qnRcffsMU3495FuTdqSm+7bhJ29JvIOsBDEEnan5DPu9t3To9VRlMzA==
  dependencies:
    picomatch "^2.2.1"

regenerator-runtime@^0.14.0:
  version "0.14.1"
  resolved "https://registry.npmmirror.com/regenerator-runtime/-/regenerator-runtime-0.14.1.tgz"
  integrity sha512-dYnhHh0nJoMfnkZs6GmmhFknAGRrLznOu5nc9ML+EJxGvrx6H7teuevqVqCuPcPK//3eDrrjQhehXVx9cnkGdw==

resolve@^1.22.4:
  version "1.22.8"
  resolved "https://registry.npmmirror.com/resolve/-/resolve-1.22.8.tgz"
  integrity sha512-oKWePCxqpd6FlLvGV1VU0x7bkPmmCNolxzjMf4NczoDnQcIWrAF+cPtZn5i6n+RfD2d9i0tzpKnG6Yk168yIyw==
  dependencies:
    is-core-module "^2.13.0"
    path-parse "^1.0.7"
    supports-preserve-symlinks-flag "^1.0.0"

reusify@^1.0.4:
  version "1.0.4"
  resolved "https://registry.npmmirror.com/reusify/-/reusify-1.0.4.tgz"
  integrity sha512-U9nH88a3fc/ekCF1l0/UP1IosiuIjyTh7hBvXVMHYgVcfGvt897Xguj2UOLDeI5BG2m7/uwyaLVT6fbtCwTyzw==

robust-predicates@^3.0.2:
  version "3.0.2"
  resolved "https://registry.npmmirror.com/robust-predicates/-/robust-predicates-3.0.2.tgz"
  integrity sha512-IXgzBWvWQwE6PrDI05OvmXUIruQTcoMDzRsOd5CDvHCVLcLHMTSYvOK5Cm46kWqlV3yAbuSpBZdJ5oP5OUoStg==

rollup@^1.20.0||^2.0.0||^3.0.0||^4.0.0, rollup@^4.13.0:
  version "4.16.0"
  resolved "https://registry.npmmirror.com/rollup/-/rollup-4.16.0.tgz"
  integrity sha512-joxy/Hd4Ee289394//Q1aoebcxXyHasDieCTk8YtP4G4al4TUlx85EnuCLrfrdtLzrna9kNjH++Sx063wxSgmA==
  dependencies:
    "@types/estree" "1.0.5"
  optionalDependencies:
    "@rollup/rollup-android-arm-eabi" "4.16.0"
    "@rollup/rollup-android-arm64" "4.16.0"
    "@rollup/rollup-darwin-arm64" "4.16.0"
    "@rollup/rollup-darwin-x64" "4.16.0"
    "@rollup/rollup-linux-arm-gnueabihf" "4.16.0"
    "@rollup/rollup-linux-arm-musleabihf" "4.16.0"
    "@rollup/rollup-linux-arm64-gnu" "4.16.0"
    "@rollup/rollup-linux-arm64-musl" "4.16.0"
    "@rollup/rollup-linux-powerpc64le-gnu" "4.16.0"
    "@rollup/rollup-linux-riscv64-gnu" "4.16.0"
    "@rollup/rollup-linux-s390x-gnu" "4.16.0"
    "@rollup/rollup-linux-x64-gnu" "4.16.0"
    "@rollup/rollup-linux-x64-musl" "4.16.0"
    "@rollup/rollup-win32-arm64-msvc" "4.16.0"
    "@rollup/rollup-win32-ia32-msvc" "4.16.0"
    "@rollup/rollup-win32-x64-msvc" "4.16.0"
    fsevents "~2.3.2"

run-parallel@^1.1.9:
  version "1.2.0"
  resolved "https://registry.npmmirror.com/run-parallel/-/run-parallel-1.2.0.tgz"
  integrity sha512-5l4VyZR86LZ/lDxZTR6jqL8AFE2S0IFLMP26AbjsLVADxHdhB/c0GUsH+y39UfCi3dzz8OlQuPmnaJOMoDHQBA==
  dependencies:
    queue-microtask "^1.2.2"

sass@*, sass@^1.75.0:
  version "1.75.0"
  resolved "https://registry.npmjs.org/sass/-/sass-1.75.0.tgz"
  integrity sha512-ShMYi3WkrDWxExyxSZPst4/okE9ts46xZmJDSawJQrnte7M1V9fScVB+uNXOVKRBt0PggHOwoZcn8mYX4trnBw==
  dependencies:
    chokidar ">=3.0.0 <4.0.0"
    immutable "^4.0.0"
    source-map-js ">=0.6.2 <2.0.0"

scule@^1.1.1:
  version "1.3.0"
  resolved "https://registry.npmmirror.com/scule/-/scule-1.3.0.tgz"
  integrity sha512-6FtHJEvt+pVMIB9IBY+IcCJ6Z5f1iQnytgyfKMhDKgmzYG+TeH/wx1y3l27rshSbLiSanrR9ffZDrEsmjlQF2g==

source-map-js@^1.2.0, "source-map-js@>=0.6.2 <2.0.0":
  version "1.2.0"
  resolved "https://registry.npmmirror.com/source-map-js/-/source-map-js-1.2.0.tgz"
  integrity sha512-itJW8lvSA0TXEphiRoawsCksnlf8SyvmFzIhltqAHluXd88pkCd+cXJVHTDwdCr0IzwptSm035IHQktUu1QUMg==

splaytree@^3.1.0:
  version "3.1.2"
  resolved "https://registry.npmmirror.com/splaytree/-/splaytree-3.1.2.tgz"
  integrity sha512-4OM2BJgC5UzrhVnnJA4BkHKGtjXNzzUfpQjCO8I05xYPsfS/VuQDwjCGGMi8rYQilHEV4j8NBqTFbls/PZEE7A==

strip-literal@^1.3.0:
  version "1.3.0"
  resolved "https://registry.npmmirror.com/strip-literal/-/strip-literal-1.3.0.tgz"
  integrity sha512-PugKzOsyXpArk0yWmUwqOZecSO0GH0bPoctLcqNDH9J04pVW3lflYE0ujElBGTloevcxF5MofAOZ7C5l2b+wLg==
  dependencies:
    acorn "^8.10.0"

supports-preserve-symlinks-flag@^1.0.0:
  version "1.0.0"
  resolved "https://registry.npmmirror.com/supports-preserve-symlinks-flag/-/supports-preserve-symlinks-flag-1.0.0.tgz"
  integrity sha512-ot0WnXS9fgdkgIcePe6RHNk1WA8+muPa6cSjeR3V8K27q9BB1rTE3R1p7Hv0z1ZyAc8s6Vvv8DIyWf681MAt0w==

to-regex-range@^5.0.1:
  version "5.0.1"
  resolved "https://registry.npmmirror.com/to-regex-range/-/to-regex-range-5.0.1.tgz"
  integrity sha512-65P7iz6X5yEr1cwcgvQxbbIw7Uk3gOy5dIdtZ4rDveLqhrdJP+Li/Hx6tyK0NEb+2GCyneCMJiGqrADCSNk8sQ==
  dependencies:
    is-number "^7.0.0"

topojson-client@3.1.0:
  version "3.1.0"
  resolved "https://registry.npmmirror.com/topojson-client/-/topojson-client-3.1.0.tgz"
  integrity sha512-605uxS6bcYxGXw9qi62XyrV6Q3xwbndjachmNxu8HWTtVPxZfEJN9fd/SZS1Q54Sn2y0TMyMxFj/cJINqGHrKw==
  dependencies:
    commander "2"

ufo@^1.3.2:
  version "1.5.3"
  resolved "https://registry.npmmirror.com/ufo/-/ufo-1.5.3.tgz"
  integrity sha512-Y7HYmWaFwPUmkoQCUIAYpKqkOf+SbVj/2fJJZ4RJMCfZp0rTGwRbzQD+HghfnhKOjL9E01okqz+ncJskGYfBNw==

undici-types@~5.26.4:
  version "5.26.5"
  resolved "https://registry.npmmirror.com/undici-types/-/undici-types-5.26.5.tgz"
  integrity sha512-JlCMO+ehdEIKqlFxk6IfVoAUVmgz7cU7zD/h9XZ0qzeosSHmUJVOzSQvvYSYWXkFXC+IfLKSIffhv0sVZup6pA==

unimport@^3.7.1:
  version "3.7.1"
  resolved "https://registry.npmmirror.com/unimport/-/unimport-3.7.1.tgz"
  integrity sha512-V9HpXYfsZye5bPPYUgs0Otn3ODS1mDUciaBlXljI4C2fTwfFpvFZRywmlOu943puN9sncxROMZhsZCjNXEpzEQ==
  dependencies:
    "@rollup/pluginutils" "^5.1.0"
    acorn "^8.11.2"
    escape-string-regexp "^5.0.0"
    estree-walker "^3.0.3"
    fast-glob "^3.3.2"
    local-pkg "^0.5.0"
    magic-string "^0.30.5"
    mlly "^1.4.2"
    pathe "^1.1.1"
    pkg-types "^1.0.3"
    scule "^1.1.1"
    strip-literal "^1.3.0"
    unplugin "^1.5.1"

unplugin-auto-import@^0.17.5:
  version "0.17.5"
  resolved "https://registry.npmjs.org/unplugin-auto-import/-/unplugin-auto-import-0.17.5.tgz"
  integrity sha512-fHNDkDSxv3PGagX1wmKBYBkgaM4AKAgZmdJw/bxjhNljx9KSXSgHpGfX0MwUrq9qw6q1bhHIZVWyOwoY2koo4w==
  dependencies:
    "@antfu/utils" "^0.7.7"
    "@rollup/pluginutils" "^5.1.0"
    fast-glob "^3.3.2"
    local-pkg "^0.5.0"
    magic-string "^0.30.5"
    minimatch "^9.0.3"
    unimport "^3.7.1"
    unplugin "^1.6.0"

unplugin-vue-components@^0.26.0, unplugin-vue-components@>=0.17.15:
  version "0.26.0"
  resolved "https://registry.npmjs.org/unplugin-vue-components/-/unplugin-vue-components-0.26.0.tgz"
  integrity sha512-s7IdPDlnOvPamjunVxw8kNgKNK8A5KM1YpK5j/p97jEKTjlPNrA0nZBiSfAKKlK1gWZuyWXlKL5dk3EDw874LQ==
  dependencies:
    "@antfu/utils" "^0.7.6"
    "@rollup/pluginutils" "^5.0.4"
    chokidar "^3.5.3"
    debug "^4.3.4"
    fast-glob "^3.3.1"
    local-pkg "^0.4.3"
    magic-string "^0.30.3"
    minimatch "^9.0.3"
    resolve "^1.22.4"
    unplugin "^1.4.0"

unplugin@^1.4.0, unplugin@^1.5.1, unplugin@^1.6.0:
  version "1.10.1"
  resolved "https://registry.npmmirror.com/unplugin/-/unplugin-1.10.1.tgz"
  integrity sha512-d6Mhq8RJeGA8UfKCu54Um4lFA0eSaRa3XxdAJg8tIdxbu1ubW0hBCZUL7yI2uGyYCRndvbK8FLHzqy2XKfeMsg==
  dependencies:
    acorn "^8.11.3"
    chokidar "^3.6.0"
    webpack-sources "^3.2.3"
    webpack-virtual-modules "^0.6.1"

vite@^5.0.0, vite@^5.2.0:
  version "5.2.10"
  resolved "https://registry.npmmirror.com/vite/-/vite-5.2.10.tgz"
  integrity sha512-PAzgUZbP7msvQvqdSD+ErD5qGnSFiGOoWmV5yAKUEI0kdhjbH6nMWVyZQC/hSc4aXwc0oJ9aEdIiF9Oje0JFCw==
  dependencies:
    esbuild "^0.20.1"
    postcss "^8.4.38"
    rollup "^4.13.0"
  optionalDependencies:
    fsevents "~2.3.3"

vue-demi@*:
  version "0.14.7"
  resolved "https://registry.npmmirror.com/vue-demi/-/vue-demi-0.14.7.tgz"
  integrity sha512-EOG8KXDQNwkJILkx/gPcoL/7vH+hORoBaKgGe+6W7VFMvCYJfmF2dGbvgDroVnI8LU7/kTu8mbjRZGBU1z9NTA==

vue-router@4:
  version "4.3.2"
  resolved "https://registry.npmmirror.com/vue-router/-/vue-router-4.3.2.tgz"
  integrity sha512-hKQJ1vDAZ5LVkKEnHhmm1f9pMiWIBNGF5AwU67PdH7TyXCj/a4hTccuUuYCAMgJK6rO/NVYtQIEN3yL8CECa7Q==
  dependencies:
    "@vue/devtools-api" "^6.5.1"

"vue@^3.0.0-0 || ^2.6.0", vue@^3.2.0, vue@^3.2.25, vue@^3.4.21, "vue@2 || 3", vue@3, vue@3.4.23:
  version "3.4.23"
  resolved "https://registry.npmmirror.com/vue/-/vue-3.4.23.tgz"
  integrity sha512-X1y6yyGJ28LMUBJ0k/qIeKHstGd+BlWQEOT40x3auJFTmpIhpbKLgN7EFsqalnJXq1Km5ybDEsp6BhuWKciUDg==
  dependencies:
    "@vue/compiler-dom" "3.4.23"
    "@vue/compiler-sfc" "3.4.23"
    "@vue/runtime-dom" "3.4.23"
    "@vue/server-renderer" "3.4.23"
    "@vue/shared" "3.4.23"

webpack-sources@^3.2.3:
  version "3.2.3"
  resolved "https://registry.npmmirror.com/webpack-sources/-/webpack-sources-3.2.3.tgz"
  integrity sha512-/DyMEOrDgLKKIG0fmvtz+4dUX/3Ghozwgm6iPp8KRhvn+eQf9+Q7GWxVNMk3+uCPWfdXYC4ExGBckIXdFEfH1w==

webpack-virtual-modules@^0.6.1:
  version "0.6.1"
  resolved "https://registry.npmmirror.com/webpack-virtual-modules/-/webpack-virtual-modules-0.6.1.tgz"
  integrity sha512-poXpCylU7ExuvZK8z+On3kX+S8o/2dQ/SVYueKA0D4WEMXROXgY8Ez50/bQEUmvoSMMrWcrJqCHuhAbsiwg7Dg==
